
Microsoft Visual Studio Solution File, Format Version 12.00
# Visual Studio 15
VisualStudioVersion = 15.0.27004.2010
MinimumVisualStudioVersion = 10.0.40219.1
Project("{FAE04EC0-301F-11D3-BF4B-00C04F79EFBC}") = "azure-service-bus-active-sender", "azure-service-bus-active-sender\azure-service-bus-active-sender.csproj", "{F23AB0B4-1613-4182-BCDD-E2D8F5C0CD3B}"
EndProject
Global
	GlobalSection(SolutionConfigurationPlatforms) = preSolution
		Debug|Any CPU = Debug|Any CPU
		Release|Any CPU = Release|Any CPU
	EndGlobalSection
	GlobalSection(ProjectConfigurationPlatforms) = postSolution
		{F23AB0B4-1613-4182-BCDD-E2D8F5C0CD3B}.Debug|Any CPU.ActiveCfg = Debug|Any CPU
		{F23AB0B4-1613-4182-BCDD-E2D8F5C0CD3B}.Debug|Any CPU.Build.0 = Debug|Any CPU
		{F23AB0B4-1613-4182-BCDD-E2D8F5C0CD3B}.Release|Any CPU.ActiveCfg = Release|Any CPU
		{F23AB0B4-1613-4182-BCDD-E2D8F5C0CD3B}.Release|Any CPU.Build.0 = Release|Any CPU
	EndGlobalSection
	GlobalSection(SolutionProperties) = preSolution
		HideSolutionNode = FALSE
	EndGlobalSection
	GlobalSection(ExtensibilityGlobals) = postSolution
		SolutionGuid = {3317814E-135E-4E14-BE0C-463F5754C7A6}
	EndGlobalSection
EndGlobal
